// !$*UTF8*$!
{
	archiveVersion = 1;
	classes = {
	};
	objectVersion = 48;
	objects = {

/* Begin PBXBuildFile section */
		093EB74F1F9CD27E00DD3E48 /* AppDelegate.swift in Sources */ = {isa = PBXBuildFile; fileRef = 093EB74E1F9CD27E00DD3E48 /* AppDelegate.swift */; };
		093EB7511F9CD27E00DD3E48 /* ViewController.swift in Sources */ = {isa = PBXBuildFile; fileRef = 093EB7501F9CD27E00DD3E48 /* ViewController.swift */; };
		093EB7541F9CD27E00DD3E48 /* Main.storyboard in Resources */ = {isa = PBXBuildFile; fileRef = 093EB7521F9CD27E00DD3E48 /* Main.storyboard */; };
		093EB7561F9CD27E00DD3E48 /* Assets.xcassets in Resources */ = {isa = PBXBuildFile; fileRef = 093EB7551F9CD27E00DD3E48 /* Assets.xcassets */; };
		093EB7591F9CD27E00DD3E48 /* LaunchScreen.storyboard in Resources */ = {isa = PBXBuildFile; fileRef = 093EB7571F9CD27E00DD3E48 /* LaunchScreen.storyboard */; };
		093EB7611F9CDB1B00DD3E48 /* DialogViewController.swift in Sources */ = {isa = PBXBuildFile; fileRef = 093EB7601F9CDB1B00DD3E48 /* DialogViewController.swift */; };
		093EB7631F9CDC5B00DD3E48 /* AnotherViewController.swift in Sources */ = {isa = PBXBuildFile; fileRef = 093EB7621F9CDC5B00DD3E48 /* AnotherViewController.swift */; };
		C80C04C0CEA8CCDA34D09961 /* Pods_DialogTransition.framework in Frameworks */ = {isa = PBXBuildFile; fileRef = C02126C851A39741DFC3F6CC /* Pods_DialogTransition.framework */; };
/* End PBXBuildFile section */

/* Begin PBXFileReference section */
		093EB74B1F9CD27E00DD3E48 /* DialogTransition.app */ = {isa = PBXFileReference; explicitFileType = wrapper.application; includeInIndex = 0; path = DialogTransition.app; sourceTree = BUILT_PRODUCTS_DIR; };
		093EB74E1F9CD27E00DD3E48 /* AppDelegate.swift */ = {isa = PBXFileReference; lastKnownFileType = sourcecode.swift; path = AppDelegate.swift; sourceTree = "<group>"; };
		093EB7501F9CD27E00DD3E48 /* ViewController.swift */ = {isa = PBXFileReference; lastKnownFileType = sourcecode.swift; path = ViewController.swift; sourceTree = "<group>"; };
		093EB7531F9CD27E00DD3E48 /* Base */ = {isa = PBXFileReference; lastKnownFileType = file.storyboard; name = Base; path = Base.lproj/Main.storyboard; sourceTree = "<group>"; };
		093EB7551F9CD27E00DD3E48 /* Assets.xcassets */ = {isa = PBXFileReference; lastKnownFileType = folder.assetcatalog; path = Assets.xcassets; sourceTree = "<group>"; };
		093EB7581F9CD27E00DD3E48 /* Base */ = {isa = PBXFileReference; lastKnownFileType = file.storyboard; name = Base; path = Base.lproj/LaunchScreen.storyboard; sourceTree = "<group>"; };
		093EB75A1F9CD27E00DD3E48 /* Info.plist */ = {isa = PBXFileReference; lastKnownFileType = text.plist.xml; path = Info.plist; sourceTree = "<group>"; };
		093EB7601F9CDB1B00DD3E48 /* DialogViewController.swift */ = {isa = PBXFileReference; lastKnownFileType = sourcecode.swift; path = DialogViewController.swift; sourceTree = "<group>"; };
		093EB7621F9CDC5B00DD3E48 /* AnotherViewController.swift */ = {isa = PBXFileReference; lastKnownFileType = sourcecode.swift; path = AnotherViewController.swift; sourceTree = "<group>"; };
		814DBF63DEE1932E0740E2E3 /* Pods-DialogTransition.release.xcconfig */ = {isa = PBXFileReference; includeInIndex = 1; lastKnownFileType = text.xcconfig; name = "Pods-DialogTransition.release.xcconfig"; path = "Pods/Target Support Files/Pods-DialogTransition/Pods-DialogTransition.release.xcconfig"; sourceTree = "<group>"; };
		88A32FBB6B30A93B2BC4BACB /* Pods-DialogTransition.debug.xcconfig */ = {isa = PBXFileReference; includeInIndex = 1; lastKnownFileType = text.xcconfig; name = "Pods-DialogTransition.debug.xcconfig"; path = "Pods/Target Support Files/Pods-DialogTransition/Pods-DialogTransition.debug.xcconfig"; sourceTree = "<group>"; };
		C02126C851A39741DFC3F6CC /* Pods_DialogTransition.framework */ = {isa = PBXFileReference; explicitFileType = wrapper.framework; includeInIndex = 0; path = Pods_DialogTransition.framework; sourceTree = BUILT_PRODUCTS_DIR; };
/* End PBXFileReference section */

/* Begin PBXFrameworksBuildPhase section */
		093EB7481F9CD27E00DD3E48 /* Frameworks */ = {
			isa = PBXFrameworksBuildPhase;
			buildActionMask = 2147483647;
			files = (
				C80C04C0CEA8CCDA34D09961 /* Pods_DialogTransition.framework in Frameworks */,
			);
			runOnlyForDeploymentPostprocessing = 0;
		};
/* End PBXFrameworksBuildPhase section */

/* Begin PBXGroup section */
		093EB7421F9CD27E00DD3E48 = {
			isa = PBXGroup;
			children = (
				093EB74D1F9CD27E00DD3E48 /* DialogTransition */,
				093EB74C1F9CD27E00DD3E48 /* Products */,
				CA9D6CBAEF12425A2724D1C6 /* Pods */,
				6EAF27F72BBDFC8137502C59 /* Frameworks */,
			);
			sourceTree = "<group>";
		};
		093EB74C1F9CD27E00DD3E48 /* Products */ = {
			isa = PBXGroup;
			children = (
				093EB74B1F9CD27E00DD3E48 /* DialogTransition.app */,
			);
			name = Products;
			sourceTree = "<group>";
		};
		093EB74D1F9CD27E00DD3E48 /* DialogTransition */ = {
			isa = PBXGroup;
			children = (
				093EB74E1F9CD27E00DD3E48 /* AppDelegate.swift */,
				093EB7501F9CD27E00DD3E48 /* ViewController.swift */,
				093EB7601F9CDB1B00DD3E48 /* DialogViewController.swift */,
				093EB7621F9CDC5B00DD3E48 /* AnotherViewController.swift */,
				093EB7521F9CD27E00DD3E48 /* Main.storyboard */,
				093EB7551F9CD27E00DD3E48 /* Assets.xcassets */,
				093EB7571F9CD27E00DD3E48 /* LaunchScreen.storyboard */,
				093EB75A1F9CD27E00DD3E48 /* Info.plist */,
			);
			path = DialogTransition;
			sourceTree = "<group>";
		};
		6EAF27F72BBDFC8137502C59 /* Frameworks */ = {
			isa = PBXGroup;
			children = (
				C02126C851A39741DFC3F6CC /* Pods_DialogTransition.framework */,
			);
			name = Frameworks;
			sourceTree = "<group>";
		};
		CA9D6CBAEF12425A2724D1C6 /* Pods */ = {
			isa = PBXGroup;
			children = (
				88A32FBB6B30A93B2BC4BACB /* Pods-DialogTransition.debug.xcconfig */,
				814DBF63DEE1932E0740E2E3 /* Pods-DialogTransition.release.xcconfig */,
			);
			name = Pods;
			sourceTree = "<group>";
		};
/* End PBXGroup section */

/* Begin PBXNativeTarget section */
		093EB74A1F9CD27E00DD3E48 /* DialogTransition */ = {
			isa = PBXNativeTarget;
			buildConfigurationList = 093EB75D1F9CD27E00DD3E48 /* Build configuration list for PBXNativeTarget "DialogTransition" */;
			buildPhases = (
				6C746E3E1A24119FCB044B6D /* [CP] Check Pods Manifest.lock */,
				093EB7471F9CD27E00DD3E48 /* Sources */,
				093EB7481F9CD27E00DD3E48 /* Frameworks */,
				093EB7491F9CD27E00DD3E48 /* Resources */,
				0ABD08CFAF95456E0AA5554A /* [CP] Embed Pods Frameworks */,
				714D670DECE7282D1ED7318C /* [CP] Copy Pods Resources */,
			);
			buildRules = (
			);
			dependencies = (
			);
			name = DialogTransition;
			productName = DialogTransition;
			productReference = 093EB74B1F9CD27E00DD3E48 /* DialogTransition.app */;
			productType = "com.apple.product-type.application";
		};
/* End PBXNativeTarget section */

/* Begin PBXProject section */
		093EB7431F9CD27E00DD3E48 /* Project object */ = {
			isa = PBXProject;
			attributes = {
				LastSwiftUpdateCheck = 0900;
				LastUpgradeCheck = 0900;
				ORGANIZATIONNAME = "Haroldo Gondim";
				TargetAttributes = {
					093EB74A1F9CD27E00DD3E48 = {
						CreatedOnToolsVersion = 9.0.1;
						ProvisioningStyle = Automatic;
					};
				};
			};
			buildConfigurationList = 093EB7461F9CD27E00DD3E48 /* Build configuration list for PBXProject "DialogTransition" */;
			compatibilityVersion = "Xcode 8.0";
			developmentRegion = en;
			hasScannedForEncodings = 0;
			knownRegions = (
				en,
				Base,
			);
			mainGroup = 093EB7421F9CD27E00DD3E48;
			productRefGroup = 093EB74C1F9CD27E00DD3E48 /* Products */;
			projectDirPath = "";
			projectRoot = "";
			targets = (
				093EB74A1F9CD27E00DD3E48 /* DialogTransition */,
			);
		};
/* End PBXProject section */

/* Begin PBXResourcesBuildPhase section */
		093EB7491F9CD27E00DD3E48 /* Resources */ = {
			isa = PBXResourcesBuildPhase;
			buildActionMask = 2147483647;
			files = (
				093EB7591F9CD27E00DD3E48 /* LaunchScreen.storyboard in Resources */,
				093EB7561F9CD27E00DD3E48 /* Assets.xcassets in Resources */,
				093EB7541F9CD27E00DD3E48 /* Main.storyboard in Resources */,
			);
			runOnlyForDeploymentPostprocessing = 0;
		};
/* End PBXResourcesBuildPhase section */

/* Begin PBXShellScriptBuildPhase section */
		0ABD08CFAF95456E0AA5554A /* [CP] Embed Pods Frameworks */ = {
			isa = PBXShellScriptBuildPhase;
			buildActionMask = 2147483647;
			files = (
			);
			inputPaths = (
				"${SRCROOT}/Pods/Target Support Files/Pods-DialogTransition/Pods-DialogTransition-frameworks.sh",
				"${BUILT_PRODUCTS_DIR}/MDFInternationalization/MDFInternationalization.framework",
				"${BUILT_PRODUCTS_DIR}/MDFTextAccessibility/MDFTextAccessibility.framework",
				"${BUILT_PRODUCTS_DIR}/MaterialComponents/MaterialComponents.framework",
				"${BUILT_PRODUCTS_DIR}/MotionAnimator/MotionAnimator.framework",
				"${BUILT_PRODUCTS_DIR}/MotionInterchange/MotionInterchange.framework",
				"${BUILT_PRODUCTS_DIR}/MotionTransitioning/MotionTransitioning.framework",
			);
			name = "[CP] Embed Pods Frameworks";
			outputPaths = (
				"${TARGET_BUILD_DIR}/${FRAMEWORKS_FOLDER_PATH}/MDFInternationalization.framework",
				"${TARGET_BUILD_DIR}/${FRAMEWORKS_FOLDER_PATH}/MDFTextAccessibility.framework",
				"${TARGET_BUILD_DIR}/${FRAMEWORKS_FOLDER_PATH}/MaterialComponents.framework",
				"${TARGET_BUILD_DIR}/${FRAMEWORKS_FOLDER_PATH}/MotionAnimator.framework",
				"${TARGET_BUILD_DIR}/${FRAMEWORKS_FOLDER_PATH}/MotionInterchange.framework",
				"${TARGET_BUILD_DIR}/${FRAMEWORKS_FOLDER_PATH}/MotionTransitioning.framework",
			);
			runOnlyForDeploymentPostprocessing = 0;
			shellPath = /bin/sh;
			shellScript = "\"${SRCROOT}/Pods/Target Support Files/Pods-DialogTransition/Pods-DialogTransition-frameworks.sh\"\n";
			showEnvVarsInLog = 0;
		};
		6C746E3E1A24119FCB044B6D /* [CP] Check Pods Manifest.lock */ = {
			isa = PBXShellScriptBuildPhase;
			buildActionMask = 2147483647;
			files = (
			);
			inputPaths = (
				"${PODS_PODFILE_DIR_PATH}/Podfile.lock",
				"${PODS_ROOT}/Manifest.lock",
			);
			name = "[CP] Check Pods Manifest.lock";
			outputPaths = (
				"$(DERIVED_FILE_DIR)/Pods-DialogTransition-checkManifestLockResult.txt",
			);
			runOnlyForDeploymentPostprocessing = 0;
			shellPath = /bin/sh;
			shellScript = "diff \"${PODS_PODFILE_DIR_PATH}/Podfile.lock\" \"${PODS_ROOT}/Manifest.lock\" > /dev/null\nif [ $? != 0 ] ; then\n    # print error to STDERR\n    echo \"error: The sandbox is not in sync with the Podfile.lock. Run 'pod install' or update your CocoaPods installation.\" >&2\n    exit 1\nfi\n# This output is used by Xcode 'outputs' to avoid re-running this script phase.\necho \"SUCCESS\" > \"${SCRIPT_OUTPUT_FILE_0}\"\n";
			showEnvVarsInLog = 0;
		};
		714D670DECE7282D1ED7318C /* [CP] Copy Pods Resources */ = {
			isa = PBXShellScriptBuildPhase;
			buildActionMask = 2147483647;
			files = (
			);
			inputPaths = (
			);
			name = "[CP] Copy Pods Resources";
			outputPaths = (
			);
			runOnlyForDeploymentPostprocessing = 0;
			shellPath = /bin/sh;
			shellScript = "\"${SRCROOT}/Pods/Target Support Files/Pods-DialogTransition/Pods-DialogTransition-resources.sh\"\n";
			showEnvVarsInLog = 0;
		};
/* End PBXShellScriptBuildPhase section */

/* Begin PBXSourcesBuildPhase section */
		093EB7471F9CD27E00DD3E48 /* Sources */ = {
			isa = PBXSourcesBuildPhase;
			buildActionMask = 2147483647;
			files = (
				093EB7511F9CD27E00DD3E48 /* ViewController.swift in Sources */,
				093EB74F1F9CD27E00DD3E48 /* AppDelegate.swift in Sources */,
				093EB7631F9CDC5B00DD3E48 /* AnotherViewController.swift in Sources */,
				093EB7611F9CDB1B00DD3E48 /* DialogViewController.swift in Sources */,
			);
			runOnlyForDeploymentPostprocessing = 0;
		};
/* End PBXSourcesBuildPhase section */

/* Begin PBXVariantGroup section */
		093EB7521F9CD27E00DD3E48 /* Main.storyboard */ = {
			isa = PBXVariantGroup;
			children = (
				093EB7531F9CD27E00DD3E48 /* Base */,
			);
			name = Main.storyboard;
			sourceTree = "<group>";
		};
		093EB7571F9CD27E00DD3E48 /* LaunchScreen.storyboard */ = {
			isa = PBXVariantGroup;
			children = (
				093EB7581F9CD27E00DD3E48 /* Base */,
			);
			name = LaunchScreen.storyboard;
			sourceTree = "<group>";
		};
/* End PBXVariantGroup section */

/* Begin XCBuildConfiguration section */
		093EB75B1F9CD27E00DD3E48 /* Debug */ = {
			isa = XCBuildConfiguration;
			buildSettings = {
				ALWAYS_SEARCH_USER_PATHS = NO;
				CLANG_ANALYZER_NONNULL = YES;
				CLANG_ANALYZER_NUMBER_OBJECT_CONVERSION = YES_AGGRESSIVE;
				CLANG_CXX_LANGUAGE_STANDARD = "gnu++14";
				CLANG_CXX_LIBRARY = "libc++";
				CLANG_ENABLE_MODULES = YES;
				CLANG_ENABLE_OBJC_ARC = YES;
				CLANG_WARN_BLOCK_CAPTURE_AUTORELEASING = YES;
				CLANG_WARN_BOOL_CONVERSION = YES;
				CLANG_WARN_COMMA = YES;
				CLANG_WARN_CONSTANT_CONVERSION = YES;
				CLANG_WARN_DIRECT_OBJC_ISA_USAGE = YES_ERROR;
				CLANG_WARN_DOCUMENTATION_COMMENTS = YES;
				CLANG_WARN_EMPTY_BODY = YES;
				CLANG_WARN_ENUM_CONVERSION = YES;
				CLANG_WARN_INFINITE_RECURSION = YES;
				CLANG_WARN_INT_CONVERSION = YES;
				CLANG_WARN_NON_LITERAL_NULL_CONVERSION = YES;
				CLANG_WARN_OBJC_LITERAL_CONVERSION = YES;
				CLANG_WARN_OBJC_ROOT_CLASS = YES_ERROR;
				CLANG_WARN_RANGE_LOOP_ANALYSIS = YES;
				CLANG_WARN_STRICT_PROTOTYPES = YES;
				CLANG_WARN_SUSPICIOUS_MOVE = YES;
				CLANG_WARN_UNGUARDED_AVAILABILITY = YES_AGGRESSIVE;
				CLANG_WARN_UNREACHABLE_CODE = YES;
				CLANG_WARN__DUPLICATE_METHOD_MATCH = YES;
				CODE_SIGN_IDENTITY = "iPhone Developer";
				COPY_PHASE_STRIP = NO;
				DEBUG_INFORMATION_FORMAT = dwarf;
				ENABLE_STRICT_OBJC_MSGSEND = YES;
				ENABLE_TESTABILITY = YES;
				GCC_C_LANGUAGE_STANDARD = gnu11;
				GCC_DYNAMIC_NO_PIC = NO;
				GCC_NO_COMMON_BLOCKS = YES;
				GCC_OPTIMIZATION_LEVEL = 0;
				GCC_PREPROCESSOR_DEFINITIONS = (
					"DEBUG=1",
					"$(inherited)",
				);
				GCC_WARN_64_TO_32_BIT_CONVERSION = YES;
				GCC_WARN_ABOUT_RETURN_TYPE = YES_ERROR;
				GCC_WARN_UNDECLARED_SELECTOR = YES;
				GCC_WARN_UNINITIALIZED_AUTOS = YES_AGGRESSIVE;
				GCC_WARN_UNUSED_FUNCTION = YES;
				GCC_WARN_UNUSED_VARIABLE = YES;
				IPHONEOS_DEPLOYMENT_TARGET = 11.0;
				MTL_ENABLE_DEBUG_INFO = YES;
				ONLY_ACTIVE_ARCH = YES;
				SDKROOT = iphoneos;
				SWIFT_ACTIVE_COMPILATION_CONDITIONS = DEBUG;
				SWIFT_OPTIMIZATION_LEVEL = "-Onone";
			};
			name = Debug;
		};
		093EB75C1F9CD27E00DD3E48 /* Release */ = {
			isa = XCBuildConfiguration;
			buildSettings = {
				ALWAYS_SEARCH_USER_PATHS = NO;
				CLANG_ANALYZER_NONNULL = YES;
				CLANG_ANALYZER_NUMBER_OBJECT_CONVERSION = YES_AGGRESSIVE;
				CLANG_CXX_LANGUAGE_STANDARD = "gnu++14";
				CLANG_CXX_LIBRARY = "libc++";
				CLANG_ENABLE_MODULES = YES;
				CLANG_ENABLE_OBJC_ARC = YES;
				CLANG_WARN_BLOCK_CAPTURE_AUTORELEASING = YES;
				CLANG_WARN_BOOL_CONVERSION = YES;
				CLANG_WARN_COMMA = YES;
				CLANG_WARN_CONSTANT_CONVERSION = YES;
				CLANG_WARN_DIRECT_OBJC_ISA_USAGE = YES_ERROR;
				CLANG_WARN_DOCUMENTATION_COMMENTS = YES;
				CLANG_WARN_EMPTY_BODY = YES;
				CLANG_WARN_ENUM_CONVERSION = YES;
				CLANG_WARN_INFINITE_RECURSION = YES;
				CLANG_WARN_INT_CONVERSION = YES;
				CLANG_WARN_NON_LITERAL_NULL_CONVERSION = YES;
				CLANG_WARN_OBJC_LITERAL_CONVERSION = YES;
				CLANG_WARN_OBJC_ROOT_CLASS = YES_ERROR;
				CLANG_WARN_RANGE_LOOP_ANALYSIS = YES;
				CLANG_WARN_STRICT_PROTOTYPES = YES;
				CLANG_WARN_SUSPICIOUS_MOVE = YES;
				CLANG_WARN_UNGUARDED_AVAILABILITY = YES_AGGRESSIVE;
				CLANG_WARN_UNREACHABLE_CODE = YES;
				CLANG_WARN__DUPLICATE_METHOD_MATCH = YES;
				CODE_SIGN_IDENTITY = "iPhone Developer";
				COPY_PHASE_STRIP = NO;
				DEBUG_INFORMATION_FORMAT = "dwarf-with-dsym";
				ENABLE_NS_ASSERTIONS = NO;
				ENABLE_STRICT_OBJC_MSGSEND = YES;
				GCC_C_LANGUAGE_STANDARD = gnu11;
				GCC_NO_COMMON_BLOCKS = YES;
				GCC_WARN_64_TO_32_BIT_CONVERSION = YES;
				GCC_WARN_ABOUT_RETURN_TYPE = YES_ERROR;
				GCC_WARN_UNDECLARED_SELECTOR = YES;
				GCC_WARN_UNINITIALIZED_AUTOS = YES_AGGRESSIVE;
				GCC_WARN_UNUSED_FUNCTION = YES;
				GCC_WARN_UNUSED_VARIABLE = YES;
				IPHONEOS_DEPLOYMENT_TARGET = 11.0;
				MTL_ENABLE_DEBUG_INFO = NO;
				SDKROOT = iphoneos;
				SWIFT_OPTIMIZATION_LEVEL = "-Owholemodule";
				VALIDATE_PRODUCT = YES;
			};
			name = Release;
		};
		093EB75E1F9CD27E00DD3E48 /* Debug */ = {
			isa = XCBuildConfiguration;
			baseConfigurationReference = 88A32FBB6B30A93B2BC4BACB /* Pods-DialogTransition.debug.xcconfig */;
			buildSettings = {
				ASSETCATALOG_COMPILER_APPICON_NAME = AppIcon;
				CODE_SIGN_STYLE = Automatic;
				INFOPLIST_FILE = DialogTransition/Info.plist;
				IPHONEOS_DEPLOYMENT_TARGET = 9.0;
				LD_RUNPATH_SEARCH_PATHS = "$(inherited) @executable_path/Frameworks";
				PRODUCT_BUNDLE_IDENTIFIER = net.haroldo.DialogTransition;
				PRODUCT_NAME = "$(TARGET_NAME)";
				SWIFT_VERSION = 4.0;
				TARGETED_DEVICE_FAMILY = "1,2";
			};
			name = Debug;
		};
		093EB75F1F9CD27E00DD3E48 /* Release */ = {
			isa = XCBuildConfiguration;
			baseConfigurationReference = 814DBF63DEE1932E0740E2E3 /* Pods-DialogTransition.release.xcconfig */;
			buildSettings = {
				ASSETCATALOG_COMPILER_APPICON_NAME = AppIcon;
				CODE_SIGN_STYLE = Automatic;
				INFOPLIST_FILE = DialogTransition/Info.plist;
				IPHONEOS_DEPLOYMENT_TARGET = 9.0;
				LD_RUNPATH_SEARCH_PATHS = "$(inherited) @executable_path/Frameworks";
				PRODUCT_BUNDLE_IDENTIFIER = net.haroldo.DialogTransition;
				PRODUCT_NAME = "$(TARGET_NAME)";
				SWIFT_VERSION = 4.0;
				TARGETED_DEVICE_FAMILY = "1,2";
			};
			name = Release;
		};
/* End XCBuildConfiguration section */

/* Begin XCConfigurationList section */
		093EB7461F9CD27E00DD3E48 /* Build configuration list for PBXProject "DialogTransition" */ = {
			isa = XCConfigurationList;
			buildConfigurations = (
				093EB75B1F9CD27E00DD3E48 /* Debug */,
				093EB75C1F9CD27E00DD3E48 /* Release */,
			);
			defaultConfigurationIsVisible = 0;
			defaultConfigurationName = Release;
		};
		093EB75D1F9CD27E00DD3E48 /* Build configuration list for PBXNativeTarget "DialogTransition" */ = {
			isa = XCConfigurationList;
			buildConfigurations = (
				093EB75E1F9CD27E00DD3E48 /* Debug */,
				093EB75F1F9CD27E00DD3E48 /* Release */,
			);
			defaultConfigurationIsVisible = 0;
			defaultConfigurationName = Release;
		};
/* End XCConfigurationList section */
	};
	rootObject = 093EB7431F9CD27E00DD3E48 /* Project object */;
}
